
Microsoft Visual Studio Solution File, Format Version 12.00
# Visual Studio Version 16
VisualStudioVersion = 16.0.30104.148
MinimumVisualStudioVersion = 10.0.40219.1
Project("{FAE04EC0-301F-11D3-BF4B-00C04F79EFBC}") = "SuperAdventure", "SuperAdventure\SuperAdventure.csproj", "{7B4FAA94-9103-4E9B-A22C-6EB51B8B38E8}"
EndProject
Project("{FAE04EC0-301F-11D3-BF4B-00C04F79EFBC}") = "Engine", "Engine\Engine.csproj", "{62A03B63-7E38-439C-A1AB-157E2AC208F1}"
EndProject
Global
	GlobalSection(SolutionConfigurationPlatforms) = preSolution
		Debug|Any CPU = Debug|Any CPU
		Release|Any CPU = Release|Any CPU
	EndGlobalSection
	GlobalSection(ProjectConfigurationPlatforms) = postSolution
		{7B4FAA94-9103-4E9B-A22C-6EB51B8B38E8}.Debug|Any CPU.ActiveCfg = Debug|Any CPU
		{7B4FAA94-9103-4E9B-A22C-6EB51B8B38E8}.Debug|Any CPU.Build.0 = Debug|Any CPU
		{7B4FAA94-9103-4E9B-A22C-6EB51B8B38E8}.Release|Any CPU.ActiveCfg = Release|Any CPU
		{7B4FAA94-9103-4E9B-A22C-6EB51B8B38E8}.Release|Any CPU.Build.0 = Release|Any CPU
		{62A03B63-7E38-439C-A1AB-157E2AC208F1}.Debug|Any CPU.ActiveCfg = Debug|Any CPU
		{62A03B63-7E38-439C-A1AB-157E2AC208F1}.Debug|Any CPU.Build.0 = Debug|Any CPU
		{62A03B63-7E38-439C-A1AB-157E2AC208F1}.Release|Any CPU.ActiveCfg = Release|Any CPU
		{62A03B63-7E38-439C-A1AB-157E2AC208F1}.Release|Any CPU.Build.0 = Release|Any CPU
	EndGlobalSection
	GlobalSection(SolutionProperties) = preSolution
		HideSolutionNode = FALSE
	EndGlobalSection
	GlobalSection(ExtensibilityGlobals) = postSolution
		SolutionGuid = {D56E0A97-04BF-49B0-908A-8109B1491F86}
	EndGlobalSection
EndGlobal
